
Microsoft Visual Studio Solution File, Format Version 12.00
# Visual Studio Version 17
VisualStudioVersion = 17.6.33815.320
MinimumVisualStudioVersion = 10.0.40219.1
Project("{8BC9CEB8-8B4A-11D0-8D11-00A0C91BC942}") = "Server", "ClientServers\ClientServers.vcxproj", "{43F00E32-D114-4DE3-9A44-2709E68DF439}"
EndProject
Project("{8BC9CEB8-8B4A-11D0-8D11-00A0C91BC942}") = "Client", "Client\Client.vcxproj", "{BE04CE8E-1009-4C01-9E72-7271BF5E7C41}"
EndProject
Global
	GlobalSection(SolutionConfigurationPlatforms) = preSolution
		Debug|x64 = Debug|x64
		Debug|x86 = Debug|x86
		Release|x64 = Release|x64
		Release|x86 = Release|x86
	EndGlobalSection
	GlobalSection(ProjectConfigurationPlatforms) = postSolution
		{43F00E32-D114-4DE3-9A44-2709E68DF439}.Debug|x64.ActiveCfg = Debug|x64
		{43F00E32-D114-4DE3-9A44-2709E68DF439}.Debug|x64.Build.0 = Debug|x64
		{43F00E32-D114-4DE3-9A44-2709E68DF439}.Debug|x86.ActiveCfg = Debug|Win32
		{43F00E32-D114-4DE3-9A44-2709E68DF439}.Debug|x86.Build.0 = Debug|Win32
		{43F00E32-D114-4DE3-9A44-2709E68DF439}.Release|x64.ActiveCfg = Release|x64
		{43F00E32-D114-4DE3-9A44-2709E68DF439}.Release|x64.Build.0 = Release|x64
		{43F00E32-D114-4DE3-9A44-2709E68DF439}.Release|x86.ActiveCfg = Release|Win32
		{43F00E32-D114-4DE3-9A44-2709E68DF439}.Release|x86.Build.0 = Release|Win32
		{BE04CE8E-1009-4C01-9E72-7271BF5E7C41}.Debug|x64.ActiveCfg = Debug|x64
		{BE04CE8E-1009-4C01-9E72-7271BF5E7C41}.Debug|x64.Build.0 = Debug|x64
		{BE04CE8E-1009-4C01-9E72-7271BF5E7C41}.Debug|x86.ActiveCfg = Debug|Win32
		{BE04CE8E-1009-4C01-9E72-7271BF5E7C41}.Debug|x86.Build.0 = Debug|Win32
		{BE04CE8E-1009-4C01-9E72-7271BF5E7C41}.Release|x64.ActiveCfg = Release|x64
		{BE04CE8E-1009-4C01-9E72-7271BF5E7C41}.Release|x64.Build.0 = Release|x64
		{BE04CE8E-1009-4C01-9E72-7271BF5E7C41}.Release|x86.ActiveCfg = Release|Win32
		{BE04CE8E-1009-4C01-9E72-7271BF5E7C41}.Release|x86.Build.0 = Release|Win32
	EndGlobalSection
	GlobalSection(SolutionProperties) = preSolution
		HideSolutionNode = FALSE
	EndGlobalSection
	GlobalSection(ExtensibilityGlobals) = postSolution
		SolutionGuid = {03161EE5-36B5-45AE-9272-1433338FB1F2}
	EndGlobalSection
EndGlobal
